
Microsoft Visual Studio Solution File, Format Version 12.00
# Visual Studio Version 17
VisualStudioVersion = 17.14.37111.16 d17.14
MinimumVisualStudioVersion = 10.0.40219.1
Project("{FAE04EC0-301F-11D3-BF4B-00C04F79EFBC}") = "ContactManagementApp", "ContactManagementApp\ContactManagementApp.csproj", "{BE384AC8-1FC9-4673-A37C-59107630714B}"
EndProject
Project("{FAE04EC0-301F-11D3-BF4B-00C04F79EFBC}") = "ContactManagementTests", "ContactManagementTests\ContactManagementTests.csproj", "{B89AB949-6983-4F53-9689-371A0E542B08}"
EndProject
Global
	GlobalSection(SolutionConfigurationPlatforms) = preSolution
		Debug|Any CPU = Debug|Any CPU
		Release|Any CPU = Release|Any CPU
	EndGlobalSection
	GlobalSection(ProjectConfigurationPlatforms) = postSolution
		{BE384AC8-1FC9-4673-A37C-59107630714B}.Debug|Any CPU.ActiveCfg = Debug|Any CPU
		{BE384AC8-1FC9-4673-A37C-59107630714B}.Debug|Any CPU.Build.0 = Debug|Any CPU
		{BE384AC8-1FC9-4673-A37C-59107630714B}.Release|Any CPU.ActiveCfg = Release|Any CPU
		{BE384AC8-1FC9-4673-A37C-59107630714B}.Release|Any CPU.Build.0 = Release|Any CPU
		{B89AB949-6983-4F53-9689-371A0E542B08}.Debug|Any CPU.ActiveCfg = Debug|Any CPU
		{B89AB949-6983-4F53-9689-371A0E542B08}.Debug|Any CPU.Build.0 = Debug|Any CPU
		{B89AB949-6983-4F53-9689-371A0E542B08}.Release|Any CPU.ActiveCfg = Release|Any CPU
		{B89AB949-6983-4F53-9689-371A0E542B08}.Release|Any CPU.Build.0 = Release|Any CPU
	EndGlobalSection
	GlobalSection(SolutionProperties) = preSolution
		HideSolutionNode = FALSE
	EndGlobalSection
	GlobalSection(ExtensibilityGlobals) = postSolution
		SolutionGuid = {68600508-B212-44C1-9893-0F175C99F7B0}
	EndGlobalSection
EndGlobal
